
Microsoft Visual Studio Solution File, Format Version 12.00
# Visual Studio Version 16
VisualStudioVersion = 16.0.28803.452
MinimumVisualStudioVersion = 10.0.40219.1
Project("{FAE04EC0-301F-11D3-BF4B-00C04F79EFBC}") = "Singleton", "Singleton\Singleton.csproj", "{0C29C525-5A4C-4C42-B9BA-EB0B5F1798C3}"
EndProject
Project("{FAE04EC0-301F-11D3-BF4B-00C04F79EFBC}") = "Factory", "Factory\Factory.csproj", "{D868CA43-6B58-4B6D-B3AE-578F785F4B34}"
EndProject
Project("{FAE04EC0-301F-11D3-BF4B-00C04F79EFBC}") = "Prototype", "Prototype\Prototype.csproj", "{7CCC43B9-5F74-4D62-AF91-D4BECD595695}"
EndProject
Project("{FAE04EC0-301F-11D3-BF4B-00C04F79EFBC}") = "Facade", "Facade\Facade.csproj", "{7A44A0C0-FEA3-4058-9287-F0972B14032F}"
EndProject
Global
	GlobalSection(SolutionConfigurationPlatforms) = preSolution
		Debug|Any CPU = Debug|Any CPU
		Release|Any CPU = Release|Any CPU
	EndGlobalSection
	GlobalSection(ProjectConfigurationPlatforms) = postSolution
		{0C29C525-5A4C-4C42-B9BA-EB0B5F1798C3}.Debug|Any CPU.ActiveCfg = Debug|Any CPU
		{0C29C525-5A4C-4C42-B9BA-EB0B5F1798C3}.Debug|Any CPU.Build.0 = Debug|Any CPU
		{0C29C525-5A4C-4C42-B9BA-EB0B5F1798C3}.Release|Any CPU.ActiveCfg = Release|Any CPU
		{0C29C525-5A4C-4C42-B9BA-EB0B5F1798C3}.Release|Any CPU.Build.0 = Release|Any CPU
		{D868CA43-6B58-4B6D-B3AE-578F785F4B34}.Debug|Any CPU.ActiveCfg = Debug|Any CPU
		{D868CA43-6B58-4B6D-B3AE-578F785F4B34}.Debug|Any CPU.Build.0 = Debug|Any CPU
		{D868CA43-6B58-4B6D-B3AE-578F785F4B34}.Release|Any CPU.ActiveCfg = Release|Any CPU
		{D868CA43-6B58-4B6D-B3AE-578F785F4B34}.Release|Any CPU.Build.0 = Release|Any CPU
		{7CCC43B9-5F74-4D62-AF91-D4BECD595695}.Debug|Any CPU.ActiveCfg = Debug|Any CPU
		{7CCC43B9-5F74-4D62-AF91-D4BECD595695}.Debug|Any CPU.Build.0 = Debug|Any CPU
		{7CCC43B9-5F74-4D62-AF91-D4BECD595695}.Release|Any CPU.ActiveCfg = Release|Any CPU
		{7CCC43B9-5F74-4D62-AF91-D4BECD595695}.Release|Any CPU.Build.0 = Release|Any CPU
		{7A44A0C0-FEA3-4058-9287-F0972B14032F}.Debug|Any CPU.ActiveCfg = Debug|Any CPU
		{7A44A0C0-FEA3-4058-9287-F0972B14032F}.Debug|Any CPU.Build.0 = Debug|Any CPU
		{7A44A0C0-FEA3-4058-9287-F0972B14032F}.Release|Any CPU.ActiveCfg = Release|Any CPU
		{7A44A0C0-FEA3-4058-9287-F0972B14032F}.Release|Any CPU.Build.0 = Release|Any CPU
	EndGlobalSection
	GlobalSection(SolutionProperties) = preSolution
		HideSolutionNode = FALSE
	EndGlobalSection
	GlobalSection(ExtensibilityGlobals) = postSolution
		SolutionGuid = {C0AF7C4F-5971-45B1-A118-51C4967978B4}
	EndGlobalSection
EndGlobal
